
Microsoft Visual Studio Solution File, Format Version 11.00
# Visual Studio 2010
Project("{CC5FD16D-436D-48AD-A40C-5A424C6E3E79}") = "CloudService", "CloudService\CloudService.ccproj", "{7B18275B-79DF-48C8-BF70-8F2DAD7FF5B9}"
EndProject
Project("{FAE04EC0-301F-11D3-BF4B-00C04F79EFBC}") = "SampleWebApp", "SampleWebApp\SampleWebApp.csproj", "{A241A1CE-96AE-4B32-9E4A-B6FE49F7E4F3}"
EndProject
Global
	GlobalSection(SolutionConfigurationPlatforms) = preSolution
		Debug|Any CPU = Debug|Any CPU
		Release|Any CPU = Release|Any CPU
	EndGlobalSection
	GlobalSection(ProjectConfigurationPlatforms) = postSolution
		{7B18275B-79DF-48C8-BF70-8F2DAD7FF5B9}.Debug|Any CPU.ActiveCfg = Debug|Any CPU
		{7B18275B-79DF-48C8-BF70-8F2DAD7FF5B9}.Debug|Any CPU.Build.0 = Debug|Any CPU
		{7B18275B-79DF-48C8-BF70-8F2DAD7FF5B9}.Release|Any CPU.ActiveCfg = Release|Any CPU
		{7B18275B-79DF-48C8-BF70-8F2DAD7FF5B9}.Release|Any CPU.Build.0 = Release|Any CPU
		{A241A1CE-96AE-4B32-9E4A-B6FE49F7E4F3}.Debug|Any CPU.ActiveCfg = Debug|Any CPU
		{A241A1CE-96AE-4B32-9E4A-B6FE49F7E4F3}.Debug|Any CPU.Build.0 = Debug|Any CPU
		{A241A1CE-96AE-4B32-9E4A-B6FE49F7E4F3}.Release|Any CPU.ActiveCfg = Release|Any CPU
		{A241A1CE-96AE-4B32-9E4A-B6FE49F7E4F3}.Release|Any CPU.Build.0 = Release|Any CPU
	EndGlobalSection
	GlobalSection(SolutionProperties) = preSolution
		HideSolutionNode = FALSE
	EndGlobalSection
EndGlobal
