
Microsoft Visual Studio Solution File, Format Version 12.00
# Visual Studio Express 2012 for Web
Project("{CC5FD16D-436D-48AD-A40C-5A424C6E3E79}") = "WorldAppService", "WorldAppService\WorldAppService.ccproj", "{3C103A7F-113D-4295-854C-929F91234B61}"
EndProject
Project("{FAE04EC0-301F-11D3-BF4B-00C04F79EFBC}") = "WorldApp", "WorldApp\WorldApp.csproj", "{8DC3E985-68A5-4AFE-AC66-28EE54216F80}"
EndProject
Project("{2150E333-8FDC-42A3-9474-1A3956D46DE8}") = ".nuget", ".nuget", "{8581B622-F392-4556-833F-18CD834475AC}"
	ProjectSection(SolutionItems) = preProject
		.nuget\NuGet.Config = .nuget\NuGet.Config
		.nuget\NuGet.exe = .nuget\NuGet.exe
		.nuget\NuGet.targets = .nuget\NuGet.targets
	EndProjectSection
EndProject
Global
	GlobalSection(SolutionConfigurationPlatforms) = preSolution
		Debug|Any CPU = Debug|Any CPU
		Release|Any CPU = Release|Any CPU
	EndGlobalSection
	GlobalSection(ProjectConfigurationPlatforms) = postSolution
		{8DC3E985-68A5-4AFE-AC66-28EE54216F80}.Debug|Any CPU.ActiveCfg = Debug|Any CPU
		{8DC3E985-68A5-4AFE-AC66-28EE54216F80}.Debug|Any CPU.Build.0 = Debug|Any CPU
		{8DC3E985-68A5-4AFE-AC66-28EE54216F80}.Release|Any CPU.ActiveCfg = Release|Any CPU
		{8DC3E985-68A5-4AFE-AC66-28EE54216F80}.Release|Any CPU.Build.0 = Release|Any CPU
		{3C103A7F-113D-4295-854C-929F91234B61}.Debug|Any CPU.ActiveCfg = Debug|Any CPU
		{3C103A7F-113D-4295-854C-929F91234B61}.Debug|Any CPU.Build.0 = Debug|Any CPU
		{3C103A7F-113D-4295-854C-929F91234B61}.Release|Any CPU.ActiveCfg = Release|Any CPU
		{3C103A7F-113D-4295-854C-929F91234B61}.Release|Any CPU.Build.0 = Release|Any CPU
	EndGlobalSection
	GlobalSection(SolutionProperties) = preSolution
		HideSolutionNode = FALSE
	EndGlobalSection
EndGlobal
