
Microsoft Visual Studio Solution File, Format Version 12.00
# Visual Studio 2013
VisualStudioVersion = 12.0.30110.0
MinimumVisualStudioVersion = 10.0.40219.1
Project("{CC5FD16D-436D-48AD-A40C-5A424C6E3E79}") = "MyTodo", "MyTodo\MyTodo.ccproj", "{5D8A2CCF-B8D7-4217-AEDD-7367A8BF0E05}"
EndProject
Project("{FAE04EC0-301F-11D3-BF4B-00C04F79EFBC}") = "MyTodo.WebUx", "MyTodo.WebUx\MyTodo.WebUx.csproj", "{E89C501C-82E2-41BE-82A9-055101016546}"
EndProject
Project("{2150E333-8FDC-42A3-9474-1A3956D46DE8}") = ".nuget", ".nuget", "{44799F71-679D-4E12-8CFE-E5C6FB7402F8}"
	ProjectSection(SolutionItems) = preProject
		.nuget\NuGet.Config = .nuget\NuGet.Config
		.nuget\NuGet.exe = .nuget\NuGet.exe
		.nuget\NuGet.targets = .nuget\NuGet.targets
	EndProjectSection
EndProject
Global
	GlobalSection(SolutionConfigurationPlatforms) = preSolution
		Debug|Any CPU = Debug|Any CPU
		Release|Any CPU = Release|Any CPU
	EndGlobalSection
	GlobalSection(ProjectConfigurationPlatforms) = postSolution
		{5D8A2CCF-B8D7-4217-AEDD-7367A8BF0E05}.Debug|Any CPU.ActiveCfg = Debug|Any CPU
		{5D8A2CCF-B8D7-4217-AEDD-7367A8BF0E05}.Debug|Any CPU.Build.0 = Debug|Any CPU
		{5D8A2CCF-B8D7-4217-AEDD-7367A8BF0E05}.Release|Any CPU.ActiveCfg = Release|Any CPU
		{5D8A2CCF-B8D7-4217-AEDD-7367A8BF0E05}.Release|Any CPU.Build.0 = Release|Any CPU
		{E89C501C-82E2-41BE-82A9-055101016546}.Debug|Any CPU.ActiveCfg = Debug|Any CPU
		{E89C501C-82E2-41BE-82A9-055101016546}.Debug|Any CPU.Build.0 = Debug|Any CPU
		{E89C501C-82E2-41BE-82A9-055101016546}.Release|Any CPU.ActiveCfg = Release|Any CPU
		{E89C501C-82E2-41BE-82A9-055101016546}.Release|Any CPU.Build.0 = Release|Any CPU
	EndGlobalSection
	GlobalSection(SolutionProperties) = preSolution
		HideSolutionNode = FALSE
	EndGlobalSection
EndGlobal
