
Microsoft Visual Studio Solution File, Format Version 12.00
# Visual Studio 2013
VisualStudioVersion = 12.0.30501.0
MinimumVisualStudioVersion = 10.0.40219.1
Project("{FAE04EC0-301F-11D3-BF4B-00C04F79EFBC}") = "FacilityApp.Core", "FacilityApp.Core\FacilityApp.Core\FacilityApp.Core.csproj", "{29DDA322-9640-4167-A6B8-F745781DC77D}"
EndProject
Project("{FAE04EC0-301F-11D3-BF4B-00C04F79EFBC}") = "FacilityApp.UI.Windows", "Client\FacilityApp.UI.Windows.csproj", "{C8FCA4E8-5E5B-4B79-95A9-A74383823FEC}"
EndProject
Project("{FAE04EC0-301F-11D3-BF4B-00C04F79EFBC}") = "FacilityApp.UI.IOS", "FacilityApp.UI.IOS\FacilityApp.UI.IOS.csproj", "{40DD63D3-DD98-4154-9C26-B2FA037BB947}"
EndProject
Project("{2150E333-8FDC-42A3-9474-1A3956D46DE8}") = "Misc", "Misc", "{894FCED0-DA50-4031-8FCA-26AC1E2731F9}"
EndProject
Global
	GlobalSection(SolutionConfigurationPlatforms) = preSolution
		Ad-Hoc|Any CPU = Ad-Hoc|Any CPU
		Ad-Hoc|ARM = Ad-Hoc|ARM
		Ad-Hoc|iPhone = Ad-Hoc|iPhone
		Ad-Hoc|iPhoneSimulator = Ad-Hoc|iPhoneSimulator
		Ad-Hoc|Mixed Platforms = Ad-Hoc|Mixed Platforms
		Ad-Hoc|x64 = Ad-Hoc|x64
		Ad-Hoc|x86 = Ad-Hoc|x86
		AppStore|Any CPU = AppStore|Any CPU
		AppStore|ARM = AppStore|ARM
		AppStore|iPhone = AppStore|iPhone
		AppStore|iPhoneSimulator = AppStore|iPhoneSimulator
		AppStore|Mixed Platforms = AppStore|Mixed Platforms
		AppStore|x64 = AppStore|x64
		AppStore|x86 = AppStore|x86
		Debug|Any CPU = Debug|Any CPU
		Debug|ARM = Debug|ARM
		Debug|iPhone = Debug|iPhone
		Debug|iPhoneSimulator = Debug|iPhoneSimulator
		Debug|Mixed Platforms = Debug|Mixed Platforms
		Debug|x64 = Debug|x64
		Debug|x86 = Debug|x86
		Release|Any CPU = Release|Any CPU
		Release|ARM = Release|ARM
		Release|iPhone = Release|iPhone
		Release|iPhoneSimulator = Release|iPhoneSimulator
		Release|Mixed Platforms = Release|Mixed Platforms
		Release|x64 = Release|x64
		Release|x86 = Release|x86
	EndGlobalSection
	GlobalSection(ProjectConfigurationPlatforms) = postSolution
		{29DDA322-9640-4167-A6B8-F745781DC77D}.Ad-Hoc|Any CPU.ActiveCfg = Release|Any CPU
		{29DDA322-9640-4167-A6B8-F745781DC77D}.Ad-Hoc|Any CPU.Build.0 = Release|Any CPU
		{29DDA322-9640-4167-A6B8-F745781DC77D}.Ad-Hoc|ARM.ActiveCfg = Release|Any CPU
		{29DDA322-9640-4167-A6B8-F745781DC77D}.Ad-Hoc|iPhone.ActiveCfg = Release|Any CPU
		{29DDA322-9640-4167-A6B8-F745781DC77D}.Ad-Hoc|iPhoneSimulator.ActiveCfg = Release|Any CPU
		{29DDA322-9640-4167-A6B8-F745781DC77D}.Ad-Hoc|Mixed Platforms.ActiveCfg = Release|Any CPU
		{29DDA322-9640-4167-A6B8-F745781DC77D}.Ad-Hoc|Mixed Platforms.Build.0 = Release|Any CPU
		{29DDA322-9640-4167-A6B8-F745781DC77D}.Ad-Hoc|x64.ActiveCfg = Release|Any CPU
		{29DDA322-9640-4167-A6B8-F745781DC77D}.Ad-Hoc|x86.ActiveCfg = Release|Any CPU
		{29DDA322-9640-4167-A6B8-F745781DC77D}.AppStore|Any CPU.ActiveCfg = Release|Any CPU
		{29DDA322-9640-4167-A6B8-F745781DC77D}.AppStore|Any CPU.Build.0 = Release|Any CPU
		{29DDA322-9640-4167-A6B8-F745781DC77D}.AppStore|ARM.ActiveCfg = Release|Any CPU
		{29DDA322-9640-4167-A6B8-F745781DC77D}.AppStore|iPhone.ActiveCfg = Release|Any CPU
		{29DDA322-9640-4167-A6B8-F745781DC77D}.AppStore|iPhoneSimulator.ActiveCfg = Release|Any CPU
		{29DDA322-9640-4167-A6B8-F745781DC77D}.AppStore|iPhoneSimulator.Build.0 = Release|Any CPU
		{29DDA322-9640-4167-A6B8-F745781DC77D}.AppStore|Mixed Platforms.ActiveCfg = Release|Any CPU
		{29DDA322-9640-4167-A6B8-F745781DC77D}.AppStore|Mixed Platforms.Build.0 = Release|Any CPU
		{29DDA322-9640-4167-A6B8-F745781DC77D}.AppStore|x64.ActiveCfg = Release|Any CPU
		{29DDA322-9640-4167-A6B8-F745781DC77D}.AppStore|x86.ActiveCfg = Release|Any CPU
		{29DDA322-9640-4167-A6B8-F745781DC77D}.Debug|Any CPU.ActiveCfg = Debug|Any CPU
		{29DDA322-9640-4167-A6B8-F745781DC77D}.Debug|Any CPU.Build.0 = Debug|Any CPU
		{29DDA322-9640-4167-A6B8-F745781DC77D}.Debug|ARM.ActiveCfg = Debug|Any CPU
		{29DDA322-9640-4167-A6B8-F745781DC77D}.Debug|iPhone.ActiveCfg = Debug|Any CPU
		{29DDA322-9640-4167-A6B8-F745781DC77D}.Debug|iPhoneSimulator.ActiveCfg = Debug|Any CPU
		{29DDA322-9640-4167-A6B8-F745781DC77D}.Debug|iPhoneSimulator.Build.0 = Debug|Any CPU
		{29DDA322-9640-4167-A6B8-F745781DC77D}.Debug|Mixed Platforms.ActiveCfg = Debug|Any CPU
		{29DDA322-9640-4167-A6B8-F745781DC77D}.Debug|Mixed Platforms.Build.0 = Debug|Any CPU
		{29DDA322-9640-4167-A6B8-F745781DC77D}.Debug|x64.ActiveCfg = Debug|Any CPU
		{29DDA322-9640-4167-A6B8-F745781DC77D}.Debug|x86.ActiveCfg = Debug|Any CPU
		{29DDA322-9640-4167-A6B8-F745781DC77D}.Debug|x86.Build.0 = Debug|Any CPU
		{29DDA322-9640-4167-A6B8-F745781DC77D}.Release|Any CPU.ActiveCfg = Release|Any CPU
		{29DDA322-9640-4167-A6B8-F745781DC77D}.Release|Any CPU.Build.0 = Release|Any CPU
		{29DDA322-9640-4167-A6B8-F745781DC77D}.Release|ARM.ActiveCfg = Release|Any CPU
		{29DDA322-9640-4167-A6B8-F745781DC77D}.Release|iPhone.ActiveCfg = Release|Any CPU
		{29DDA322-9640-4167-A6B8-F745781DC77D}.Release|iPhoneSimulator.ActiveCfg = Release|Any CPU
		{29DDA322-9640-4167-A6B8-F745781DC77D}.Release|Mixed Platforms.ActiveCfg = Release|Any CPU
		{29DDA322-9640-4167-A6B8-F745781DC77D}.Release|Mixed Platforms.Build.0 = Release|Any CPU
		{29DDA322-9640-4167-A6B8-F745781DC77D}.Release|x64.ActiveCfg = Release|Any CPU
		{29DDA322-9640-4167-A6B8-F745781DC77D}.Release|x86.ActiveCfg = Release|Any CPU
		{C8FCA4E8-5E5B-4B79-95A9-A74383823FEC}.Ad-Hoc|Any CPU.ActiveCfg = Release|Any CPU
		{C8FCA4E8-5E5B-4B79-95A9-A74383823FEC}.Ad-Hoc|Any CPU.Build.0 = Release|Any CPU
		{C8FCA4E8-5E5B-4B79-95A9-A74383823FEC}.Ad-Hoc|Any CPU.Deploy.0 = Release|Any CPU
		{C8FCA4E8-5E5B-4B79-95A9-A74383823FEC}.Ad-Hoc|ARM.ActiveCfg = Release|ARM
		{C8FCA4E8-5E5B-4B79-95A9-A74383823FEC}.Ad-Hoc|ARM.Build.0 = Release|ARM
		{C8FCA4E8-5E5B-4B79-95A9-A74383823FEC}.Ad-Hoc|ARM.Deploy.0 = Release|ARM
		{C8FCA4E8-5E5B-4B79-95A9-A74383823FEC}.Ad-Hoc|iPhone.ActiveCfg = Release|Any CPU
		{C8FCA4E8-5E5B-4B79-95A9-A74383823FEC}.Ad-Hoc|iPhoneSimulator.ActiveCfg = Release|Any CPU
		{C8FCA4E8-5E5B-4B79-95A9-A74383823FEC}.Ad-Hoc|Mixed Platforms.ActiveCfg = Release|x86
		{C8FCA4E8-5E5B-4B79-95A9-A74383823FEC}.Ad-Hoc|Mixed Platforms.Build.0 = Release|x86
		{C8FCA4E8-5E5B-4B79-95A9-A74383823FEC}.Ad-Hoc|Mixed Platforms.Deploy.0 = Release|x86
		{C8FCA4E8-5E5B-4B79-95A9-A74383823FEC}.Ad-Hoc|x64.ActiveCfg = Release|x64
		{C8FCA4E8-5E5B-4B79-95A9-A74383823FEC}.Ad-Hoc|x64.Build.0 = Release|x64
		{C8FCA4E8-5E5B-4B79-95A9-A74383823FEC}.Ad-Hoc|x64.Deploy.0 = Release|x64
		{C8FCA4E8-5E5B-4B79-95A9-A74383823FEC}.Ad-Hoc|x86.ActiveCfg = Release|x86
		{C8FCA4E8-5E5B-4B79-95A9-A74383823FEC}.Ad-Hoc|x86.Build.0 = Release|x86
		{C8FCA4E8-5E5B-4B79-95A9-A74383823FEC}.Ad-Hoc|x86.Deploy.0 = Release|x86
		{C8FCA4E8-5E5B-4B79-95A9-A74383823FEC}.AppStore|Any CPU.ActiveCfg = Release|Any CPU
		{C8FCA4E8-5E5B-4B79-95A9-A74383823FEC}.AppStore|Any CPU.Build.0 = Release|Any CPU
		{C8FCA4E8-5E5B-4B79-95A9-A74383823FEC}.AppStore|Any CPU.Deploy.0 = Release|Any CPU
		{C8FCA4E8-5E5B-4B79-95A9-A74383823FEC}.AppStore|ARM.ActiveCfg = Release|ARM
		{C8FCA4E8-5E5B-4B79-95A9-A74383823FEC}.AppStore|ARM.Build.0 = Release|ARM
		{C8FCA4E8-5E5B-4B79-95A9-A74383823FEC}.AppStore|ARM.Deploy.0 = Release|ARM
		{C8FCA4E8-5E5B-4B79-95A9-A74383823FEC}.AppStore|iPhone.ActiveCfg = Release|Any CPU
		{C8FCA4E8-5E5B-4B79-95A9-A74383823FEC}.AppStore|iPhoneSimulator.ActiveCfg = Release|Any CPU
		{C8FCA4E8-5E5B-4B79-95A9-A74383823FEC}.AppStore|Mixed Platforms.ActiveCfg = Release|x86
		{C8FCA4E8-5E5B-4B79-95A9-A74383823FEC}.AppStore|x64.ActiveCfg = Release|x64
		{C8FCA4E8-5E5B-4B79-95A9-A74383823FEC}.AppStore|x64.Build.0 = Release|x64
		{C8FCA4E8-5E5B-4B79-95A9-A74383823FEC}.AppStore|x64.Deploy.0 = Release|x64
		{C8FCA4E8-5E5B-4B79-95A9-A74383823FEC}.AppStore|x86.ActiveCfg = Release|x86
		{C8FCA4E8-5E5B-4B79-95A9-A74383823FEC}.AppStore|x86.Build.0 = Release|x86
		{C8FCA4E8-5E5B-4B79-95A9-A74383823FEC}.AppStore|x86.Deploy.0 = Release|x86
		{C8FCA4E8-5E5B-4B79-95A9-A74383823FEC}.Debug|Any CPU.ActiveCfg = Debug|x64
		{C8FCA4E8-5E5B-4B79-95A9-A74383823FEC}.Debug|Any CPU.Build.0 = Debug|x64
		{C8FCA4E8-5E5B-4B79-95A9-A74383823FEC}.Debug|Any CPU.Deploy.0 = Debug|x64
		{C8FCA4E8-5E5B-4B79-95A9-A74383823FEC}.Debug|ARM.ActiveCfg = Debug|ARM
		{C8FCA4E8-5E5B-4B79-95A9-A74383823FEC}.Debug|ARM.Build.0 = Debug|ARM
		{C8FCA4E8-5E5B-4B79-95A9-A74383823FEC}.Debug|ARM.Deploy.0 = Debug|ARM
		{C8FCA4E8-5E5B-4B79-95A9-A74383823FEC}.Debug|iPhone.ActiveCfg = Debug|x86
		{C8FCA4E8-5E5B-4B79-95A9-A74383823FEC}.Debug|iPhoneSimulator.ActiveCfg = Debug|Any CPU
		{C8FCA4E8-5E5B-4B79-95A9-A74383823FEC}.Debug|Mixed Platforms.ActiveCfg = Debug|x86
		{C8FCA4E8-5E5B-4B79-95A9-A74383823FEC}.Debug|Mixed Platforms.Build.0 = Debug|x86
		{C8FCA4E8-5E5B-4B79-95A9-A74383823FEC}.Debug|Mixed Platforms.Deploy.0 = Debug|x86
		{C8FCA4E8-5E5B-4B79-95A9-A74383823FEC}.Debug|x64.ActiveCfg = Debug|x64
		{C8FCA4E8-5E5B-4B79-95A9-A74383823FEC}.Debug|x64.Build.0 = Debug|x64
		{C8FCA4E8-5E5B-4B79-95A9-A74383823FEC}.Debug|x64.Deploy.0 = Debug|x64
		{C8FCA4E8-5E5B-4B79-95A9-A74383823FEC}.Debug|x86.ActiveCfg = Debug|x86
		{C8FCA4E8-5E5B-4B79-95A9-A74383823FEC}.Debug|x86.Build.0 = Debug|x86
		{C8FCA4E8-5E5B-4B79-95A9-A74383823FEC}.Debug|x86.Deploy.0 = Debug|x86
		{C8FCA4E8-5E5B-4B79-95A9-A74383823FEC}.Release|Any CPU.ActiveCfg = Release|Any CPU
		{C8FCA4E8-5E5B-4B79-95A9-A74383823FEC}.Release|Any CPU.Build.0 = Release|Any CPU
		{C8FCA4E8-5E5B-4B79-95A9-A74383823FEC}.Release|Any CPU.Deploy.0 = Release|Any CPU
		{C8FCA4E8-5E5B-4B79-95A9-A74383823FEC}.Release|ARM.ActiveCfg = Release|ARM
		{C8FCA4E8-5E5B-4B79-95A9-A74383823FEC}.Release|ARM.Build.0 = Release|ARM
		{C8FCA4E8-5E5B-4B79-95A9-A74383823FEC}.Release|ARM.Deploy.0 = Release|ARM
		{C8FCA4E8-5E5B-4B79-95A9-A74383823FEC}.Release|iPhone.ActiveCfg = Release|Any CPU
		{C8FCA4E8-5E5B-4B79-95A9-A74383823FEC}.Release|iPhoneSimulator.ActiveCfg = Release|Any CPU
		{C8FCA4E8-5E5B-4B79-95A9-A74383823FEC}.Release|Mixed Platforms.ActiveCfg = Release|x86
		{C8FCA4E8-5E5B-4B79-95A9-A74383823FEC}.Release|Mixed Platforms.Build.0 = Release|x86
		{C8FCA4E8-5E5B-4B79-95A9-A74383823FEC}.Release|Mixed Platforms.Deploy.0 = Release|x86
		{C8FCA4E8-5E5B-4B79-95A9-A74383823FEC}.Release|x64.ActiveCfg = Release|x64
		{C8FCA4E8-5E5B-4B79-95A9-A74383823FEC}.Release|x64.Build.0 = Release|x64
		{C8FCA4E8-5E5B-4B79-95A9-A74383823FEC}.Release|x64.Deploy.0 = Release|x64
		{C8FCA4E8-5E5B-4B79-95A9-A74383823FEC}.Release|x86.ActiveCfg = Release|x86
		{C8FCA4E8-5E5B-4B79-95A9-A74383823FEC}.Release|x86.Build.0 = Release|x86
		{C8FCA4E8-5E5B-4B79-95A9-A74383823FEC}.Release|x86.Deploy.0 = Release|x86
		{40DD63D3-DD98-4154-9C26-B2FA037BB947}.Ad-Hoc|Any CPU.ActiveCfg = Ad-Hoc|iPhone
		{40DD63D3-DD98-4154-9C26-B2FA037BB947}.Ad-Hoc|ARM.ActiveCfg = Ad-Hoc|iPhone
		{40DD63D3-DD98-4154-9C26-B2FA037BB947}.Ad-Hoc|iPhone.ActiveCfg = Ad-Hoc|iPhone
		{40DD63D3-DD98-4154-9C26-B2FA037BB947}.Ad-Hoc|iPhone.Build.0 = Ad-Hoc|iPhone
		{40DD63D3-DD98-4154-9C26-B2FA037BB947}.Ad-Hoc|iPhone.Deploy.0 = Ad-Hoc|iPhone
		{40DD63D3-DD98-4154-9C26-B2FA037BB947}.Ad-Hoc|iPhoneSimulator.ActiveCfg = Ad-Hoc|iPhoneSimulator
		{40DD63D3-DD98-4154-9C26-B2FA037BB947}.Ad-Hoc|iPhoneSimulator.Build.0 = Ad-Hoc|iPhoneSimulator
		{40DD63D3-DD98-4154-9C26-B2FA037BB947}.Ad-Hoc|iPhoneSimulator.Deploy.0 = Ad-Hoc|iPhoneSimulator
		{40DD63D3-DD98-4154-9C26-B2FA037BB947}.Ad-Hoc|Mixed Platforms.ActiveCfg = Ad-Hoc|iPhone
		{40DD63D3-DD98-4154-9C26-B2FA037BB947}.Ad-Hoc|Mixed Platforms.Build.0 = Ad-Hoc|iPhone
		{40DD63D3-DD98-4154-9C26-B2FA037BB947}.Ad-Hoc|Mixed Platforms.Deploy.0 = Ad-Hoc|iPhone
		{40DD63D3-DD98-4154-9C26-B2FA037BB947}.Ad-Hoc|x64.ActiveCfg = Ad-Hoc|iPhone
		{40DD63D3-DD98-4154-9C26-B2FA037BB947}.Ad-Hoc|x86.ActiveCfg = Ad-Hoc|iPhone
		{40DD63D3-DD98-4154-9C26-B2FA037BB947}.AppStore|Any CPU.ActiveCfg = AppStore|iPhone
		{40DD63D3-DD98-4154-9C26-B2FA037BB947}.AppStore|ARM.ActiveCfg = AppStore|iPhone
		{40DD63D3-DD98-4154-9C26-B2FA037BB947}.AppStore|iPhone.ActiveCfg = AppStore|iPhone
		{40DD63D3-DD98-4154-9C26-B2FA037BB947}.AppStore|iPhone.Build.0 = AppStore|iPhone
		{40DD63D3-DD98-4154-9C26-B2FA037BB947}.AppStore|iPhone.Deploy.0 = AppStore|iPhone
		{40DD63D3-DD98-4154-9C26-B2FA037BB947}.AppStore|iPhoneSimulator.ActiveCfg = AppStore|iPhoneSimulator
		{40DD63D3-DD98-4154-9C26-B2FA037BB947}.AppStore|iPhoneSimulator.Build.0 = AppStore|iPhoneSimulator
		{40DD63D3-DD98-4154-9C26-B2FA037BB947}.AppStore|iPhoneSimulator.Deploy.0 = AppStore|iPhoneSimulator
		{40DD63D3-DD98-4154-9C26-B2FA037BB947}.AppStore|Mixed Platforms.ActiveCfg = AppStore|iPhone
		{40DD63D3-DD98-4154-9C26-B2FA037BB947}.AppStore|Mixed Platforms.Build.0 = AppStore|iPhone
		{40DD63D3-DD98-4154-9C26-B2FA037BB947}.AppStore|Mixed Platforms.Deploy.0 = AppStore|iPhone
		{40DD63D3-DD98-4154-9C26-B2FA037BB947}.AppStore|x64.ActiveCfg = AppStore|iPhone
		{40DD63D3-DD98-4154-9C26-B2FA037BB947}.AppStore|x86.ActiveCfg = AppStore|iPhone
		{40DD63D3-DD98-4154-9C26-B2FA037BB947}.Debug|Any CPU.ActiveCfg = Debug|iPhone
		{40DD63D3-DD98-4154-9C26-B2FA037BB947}.Debug|ARM.ActiveCfg = Debug|iPhone
		{40DD63D3-DD98-4154-9C26-B2FA037BB947}.Debug|iPhone.ActiveCfg = Debug|iPhone
		{40DD63D3-DD98-4154-9C26-B2FA037BB947}.Debug|iPhone.Build.0 = Debug|iPhone
		{40DD63D3-DD98-4154-9C26-B2FA037BB947}.Debug|iPhone.Deploy.0 = Debug|iPhone
		{40DD63D3-DD98-4154-9C26-B2FA037BB947}.Debug|iPhoneSimulator.ActiveCfg = Debug|iPhoneSimulator
		{40DD63D3-DD98-4154-9C26-B2FA037BB947}.Debug|iPhoneSimulator.Build.0 = Debug|iPhoneSimulator
		{40DD63D3-DD98-4154-9C26-B2FA037BB947}.Debug|iPhoneSimulator.Deploy.0 = Debug|iPhoneSimulator
		{40DD63D3-DD98-4154-9C26-B2FA037BB947}.Debug|Mixed Platforms.ActiveCfg = Debug|iPhone
		{40DD63D3-DD98-4154-9C26-B2FA037BB947}.Debug|x64.ActiveCfg = Debug|iPhone
		{40DD63D3-DD98-4154-9C26-B2FA037BB947}.Debug|x86.ActiveCfg = Debug|iPhone
		{40DD63D3-DD98-4154-9C26-B2FA037BB947}.Release|Any CPU.ActiveCfg = Release|iPhone
		{40DD63D3-DD98-4154-9C26-B2FA037BB947}.Release|ARM.ActiveCfg = Release|iPhone
		{40DD63D3-DD98-4154-9C26-B2FA037BB947}.Release|iPhone.ActiveCfg = Release|iPhone
		{40DD63D3-DD98-4154-9C26-B2FA037BB947}.Release|iPhone.Build.0 = Release|iPhone
		{40DD63D3-DD98-4154-9C26-B2FA037BB947}.Release|iPhone.Deploy.0 = Release|iPhone
		{40DD63D3-DD98-4154-9C26-B2FA037BB947}.Release|iPhoneSimulator.ActiveCfg = Release|iPhoneSimulator
		{40DD63D3-DD98-4154-9C26-B2FA037BB947}.Release|iPhoneSimulator.Build.0 = Release|iPhoneSimulator
		{40DD63D3-DD98-4154-9C26-B2FA037BB947}.Release|iPhoneSimulator.Deploy.0 = Release|iPhoneSimulator
		{40DD63D3-DD98-4154-9C26-B2FA037BB947}.Release|Mixed Platforms.ActiveCfg = Release|iPhone
		{40DD63D3-DD98-4154-9C26-B2FA037BB947}.Release|Mixed Platforms.Build.0 = Release|iPhone
		{40DD63D3-DD98-4154-9C26-B2FA037BB947}.Release|Mixed Platforms.Deploy.0 = Release|iPhone
		{40DD63D3-DD98-4154-9C26-B2FA037BB947}.Release|x64.ActiveCfg = Release|iPhone
		{40DD63D3-DD98-4154-9C26-B2FA037BB947}.Release|x86.ActiveCfg = Release|iPhone
	EndGlobalSection
	GlobalSection(SolutionProperties) = preSolution
		HideSolutionNode = FALSE
	EndGlobalSection
	GlobalSection(NestedProjects) = preSolution
		{40DD63D3-DD98-4154-9C26-B2FA037BB947} = {894FCED0-DA50-4031-8FCA-26AC1E2731F9}
	EndGlobalSection
EndGlobal
