
Microsoft Visual Studio Solution File, Format Version 12.00
# Visual Studio 2013
VisualStudioVersion = 12.0.21005.1
MinimumVisualStudioVersion = 10.0.40219.1
Project("{FAE04EC0-301F-11D3-BF4B-00C04F79EFBC}") = "UsingTopics", "UsingTopics\UsingTopics.csproj", "{1E4A9BAE-3488-4D91-B91F-CEDFB95F95B7}"
EndProject
Project("{CC5FD16D-436D-48AD-A40C-5A424C6E3E79}") = "UsingTopics.Azure", "UsingTopics.Azure\UsingTopics.Azure.ccproj", "{F5805753-E84A-45C7-A3CB-E53128478254}"
EndProject
Global
	GlobalSection(SolutionConfigurationPlatforms) = preSolution
		Debug|Any CPU = Debug|Any CPU
		Release|Any CPU = Release|Any CPU
	EndGlobalSection
	GlobalSection(ProjectConfigurationPlatforms) = postSolution
		{1E4A9BAE-3488-4D91-B91F-CEDFB95F95B7}.Debug|Any CPU.ActiveCfg = Debug|Any CPU
		{1E4A9BAE-3488-4D91-B91F-CEDFB95F95B7}.Debug|Any CPU.Build.0 = Debug|Any CPU
		{1E4A9BAE-3488-4D91-B91F-CEDFB95F95B7}.Release|Any CPU.ActiveCfg = Release|Any CPU
		{1E4A9BAE-3488-4D91-B91F-CEDFB95F95B7}.Release|Any CPU.Build.0 = Release|Any CPU
		{F5805753-E84A-45C7-A3CB-E53128478254}.Debug|Any CPU.ActiveCfg = Debug|Any CPU
		{F5805753-E84A-45C7-A3CB-E53128478254}.Debug|Any CPU.Build.0 = Debug|Any CPU
		{F5805753-E84A-45C7-A3CB-E53128478254}.Release|Any CPU.ActiveCfg = Release|Any CPU
		{F5805753-E84A-45C7-A3CB-E53128478254}.Release|Any CPU.Build.0 = Release|Any CPU
	EndGlobalSection
	GlobalSection(SolutionProperties) = preSolution
		HideSolutionNode = FALSE
	EndGlobalSection
EndGlobal
