
Microsoft Visual Studio Solution File, Format Version 12.00
# Visual Studio Express 2013 for Windows Desktop
VisualStudioVersion = 12.0.21005.1
MinimumVisualStudioVersion = 10.0.40219.1
Project("{FAE04EC0-301F-11D3-BF4B-00C04F79EFBC}") = "MyMediaServicesManager", "MyMediaServicesManager\MyMediaServicesManager.csproj", "{887F6213-CAD8-4A5D-9F2C-1A2B33CEC593}"
EndProject
Project("{2150E333-8FDC-42A3-9474-1A3956D46DE8}") = ".nuget", ".nuget", "{55F3E7D1-2015-418D-BEAE-B13607AC50D9}"
	ProjectSection(SolutionItems) = preProject
		.nuget\NuGet.Config = .nuget\NuGet.Config
		.nuget\NuGet.exe = .nuget\NuGet.exe
		.nuget\NuGet.targets = .nuget\NuGet.targets
	EndProjectSection
EndProject
Global
	GlobalSection(SolutionConfigurationPlatforms) = preSolution
		Debug|Any CPU = Debug|Any CPU
		Release|Any CPU = Release|Any CPU
	EndGlobalSection
	GlobalSection(ProjectConfigurationPlatforms) = postSolution
		{887F6213-CAD8-4A5D-9F2C-1A2B33CEC593}.Debug|Any CPU.ActiveCfg = Debug|Any CPU
		{887F6213-CAD8-4A5D-9F2C-1A2B33CEC593}.Debug|Any CPU.Build.0 = Debug|Any CPU
		{887F6213-CAD8-4A5D-9F2C-1A2B33CEC593}.Release|Any CPU.ActiveCfg = Release|Any CPU
		{887F6213-CAD8-4A5D-9F2C-1A2B33CEC593}.Release|Any CPU.Build.0 = Release|Any CPU
	EndGlobalSection
	GlobalSection(SolutionProperties) = preSolution
		HideSolutionNode = FALSE
	EndGlobalSection
	GlobalSection(ExtensibilityGlobals) = postSolution
		EnterpriseLibraryConfigurationToolBinariesPath = packages\TransientFaultHandling.Core.5.1.1209.1\lib\NET4
	EndGlobalSection
EndGlobal
