
Microsoft Visual Studio Solution File, Format Version 12.00
# Visual Studio Express 2012 for Web
Project("{CC5FD16D-436D-48AD-A40C-5A424C6E3E79}") = "RdChat", "RdChat\RdChat.ccproj", "{E11EB254-66BD-4AF6-98E6-816E51DD5E08}"
EndProject
Project("{FAE04EC0-301F-11D3-BF4B-00C04F79EFBC}") = "RdChat_WebRole", "RdChat_WebRole\RdChat_WebRole.csproj", "{F7E7F092-59AF-4DD7-AE53-AA9F1D310511}"
EndProject
Project("{2150E333-8FDC-42A3-9474-1A3956D46DE8}") = ".nuget", ".nuget", "{67EDBE3E-C15A-466A-BF85-316117D30732}"
	ProjectSection(SolutionItems) = preProject
		.nuget\NuGet.Config = .nuget\NuGet.Config
		.nuget\NuGet.exe = .nuget\NuGet.exe
		.nuget\NuGet.targets = .nuget\NuGet.targets
	EndProjectSection
EndProject
Global
	GlobalSection(SolutionConfigurationPlatforms) = preSolution
		Debug|Any CPU = Debug|Any CPU
		Release|Any CPU = Release|Any CPU
	EndGlobalSection
	GlobalSection(ProjectConfigurationPlatforms) = postSolution
		{E11EB254-66BD-4AF6-98E6-816E51DD5E08}.Debug|Any CPU.ActiveCfg = Debug|Any CPU
		{E11EB254-66BD-4AF6-98E6-816E51DD5E08}.Debug|Any CPU.Build.0 = Debug|Any CPU
		{E11EB254-66BD-4AF6-98E6-816E51DD5E08}.Release|Any CPU.ActiveCfg = Release|Any CPU
		{E11EB254-66BD-4AF6-98E6-816E51DD5E08}.Release|Any CPU.Build.0 = Release|Any CPU
		{F7E7F092-59AF-4DD7-AE53-AA9F1D310511}.Debug|Any CPU.ActiveCfg = Debug|Any CPU
		{F7E7F092-59AF-4DD7-AE53-AA9F1D310511}.Debug|Any CPU.Build.0 = Debug|Any CPU
		{F7E7F092-59AF-4DD7-AE53-AA9F1D310511}.Release|Any CPU.ActiveCfg = Release|Any CPU
		{F7E7F092-59AF-4DD7-AE53-AA9F1D310511}.Release|Any CPU.Build.0 = Release|Any CPU
	EndGlobalSection
	GlobalSection(SolutionProperties) = preSolution
		HideSolutionNode = FALSE
	EndGlobalSection
EndGlobal
