
Microsoft Visual Studio Solution File, Format Version 12.00
# Visual Studio 2012
Project("{CC5FD16D-436D-48AD-A40C-5A424C6E3E79}") = "TwitterReader.Azure", "TwitterReader.Azure\TwitterReader.Azure.ccproj", "{204FD5C7-3CC9-45FF-B20C-5C619A81EF2D}"
EndProject
Project("{FAE04EC0-301F-11D3-BF4B-00C04F79EFBC}") = "TwitterReader", "TwitterReader\TwitterReader.csproj", "{CCC7BEDE-C521-4978-A88A-341AE3CCC7AD}"
EndProject
Global
	GlobalSection(SolutionConfigurationPlatforms) = preSolution
		Debug|Any CPU = Debug|Any CPU
		Release|Any CPU = Release|Any CPU
	EndGlobalSection
	GlobalSection(ProjectConfigurationPlatforms) = postSolution
		{204FD5C7-3CC9-45FF-B20C-5C619A81EF2D}.Debug|Any CPU.ActiveCfg = Debug|Any CPU
		{204FD5C7-3CC9-45FF-B20C-5C619A81EF2D}.Debug|Any CPU.Build.0 = Debug|Any CPU
		{204FD5C7-3CC9-45FF-B20C-5C619A81EF2D}.Release|Any CPU.ActiveCfg = Release|Any CPU
		{204FD5C7-3CC9-45FF-B20C-5C619A81EF2D}.Release|Any CPU.Build.0 = Release|Any CPU
		{CCC7BEDE-C521-4978-A88A-341AE3CCC7AD}.Debug|Any CPU.ActiveCfg = Debug|Any CPU
		{CCC7BEDE-C521-4978-A88A-341AE3CCC7AD}.Debug|Any CPU.Build.0 = Debug|Any CPU
		{CCC7BEDE-C521-4978-A88A-341AE3CCC7AD}.Release|Any CPU.ActiveCfg = Release|Any CPU
		{CCC7BEDE-C521-4978-A88A-341AE3CCC7AD}.Release|Any CPU.Build.0 = Release|Any CPU
	EndGlobalSection
	GlobalSection(SolutionProperties) = preSolution
		HideSolutionNode = FALSE
	EndGlobalSection
EndGlobal
