
Microsoft Visual Studio Solution File, Format Version 12.00
# Visual Studio Express 2012 for Web
Project("{CC5FD16D-436D-48AD-A40C-5A424C6E3E79}") = "RDImageGallery", "RDImageGallery\RDImageGallery.ccproj", "{E6CBDC26-7C7C-41BB-9582-0D2BE5400F5E}"
EndProject
Project("{FAE04EC0-301F-11D3-BF4B-00C04F79EFBC}") = "RDImageGallery_WebRole", "RDImageGallery_WebRole\RDImageGallery_WebRole.csproj", "{DA971266-1B57-46A3-9DE7-C367715ECE68}"
EndProject
Project("{2150E333-8FDC-42A3-9474-1A3956D46DE8}") = ".nuget", ".nuget", "{10EC89C9-7387-4AC4-ACDF-88772320E9DA}"
	ProjectSection(SolutionItems) = preProject
		.nuget\NuGet.Config = .nuget\NuGet.Config
		.nuget\NuGet.exe = .nuget\NuGet.exe
		.nuget\NuGet.targets = .nuget\NuGet.targets
	EndProjectSection
EndProject
Global
	GlobalSection(SolutionConfigurationPlatforms) = preSolution
		Debug|Any CPU = Debug|Any CPU
		Release|Any CPU = Release|Any CPU
	EndGlobalSection
	GlobalSection(ProjectConfigurationPlatforms) = postSolution
		{E6CBDC26-7C7C-41BB-9582-0D2BE5400F5E}.Debug|Any CPU.ActiveCfg = Debug|Any CPU
		{E6CBDC26-7C7C-41BB-9582-0D2BE5400F5E}.Debug|Any CPU.Build.0 = Debug|Any CPU
		{E6CBDC26-7C7C-41BB-9582-0D2BE5400F5E}.Release|Any CPU.ActiveCfg = Release|Any CPU
		{E6CBDC26-7C7C-41BB-9582-0D2BE5400F5E}.Release|Any CPU.Build.0 = Release|Any CPU
		{DA971266-1B57-46A3-9DE7-C367715ECE68}.Debug|Any CPU.ActiveCfg = Debug|Any CPU
		{DA971266-1B57-46A3-9DE7-C367715ECE68}.Debug|Any CPU.Build.0 = Debug|Any CPU
		{DA971266-1B57-46A3-9DE7-C367715ECE68}.Release|Any CPU.ActiveCfg = Release|Any CPU
		{DA971266-1B57-46A3-9DE7-C367715ECE68}.Release|Any CPU.Build.0 = Release|Any CPU
	EndGlobalSection
	GlobalSection(SolutionProperties) = preSolution
		HideSolutionNode = FALSE
	EndGlobalSection
EndGlobal
